
Microsoft Visual Studio Solution File, Format Version 12.00
# Visual Studio Version 16
VisualStudioVersion = 16.0.31005.135
MinimumVisualStudioVersion = 10.0.40219.1
Project("{FAE04EC0-301F-11D3-BF4B-00C04F79EFBC}") = "Backend", "Backend\Backend.csproj", "{2F839526-F458-4F52-9E97-B1ED0D6486DB}"
EndProject
Project("{FAE04EC0-301F-11D3-BF4B-00C04F79EFBC}") = "DAL", "DAL\DAL.csproj", "{BC233CDB-B5D0-4D8A-9BD5-DB7BA89F62B6}"
EndProject
Project("{FAE04EC0-301F-11D3-BF4B-00C04F79EFBC}") = "Core", "Core\Core.csproj", "{29805B52-8912-416D-B5AB-851C36A99EDE}"
EndProject
Global
	GlobalSection(SolutionConfigurationPlatforms) = preSolution
		Debug|Any CPU = Debug|Any CPU
		Release|Any CPU = Release|Any CPU
	EndGlobalSection
	GlobalSection(ProjectConfigurationPlatforms) = postSolution
		{2F839526-F458-4F52-9E97-B1ED0D6486DB}.Debug|Any CPU.ActiveCfg = Debug|Any CPU
		{2F839526-F458-4F52-9E97-B1ED0D6486DB}.Debug|Any CPU.Build.0 = Debug|Any CPU
		{2F839526-F458-4F52-9E97-B1ED0D6486DB}.Release|Any CPU.ActiveCfg = Release|Any CPU
		{2F839526-F458-4F52-9E97-B1ED0D6486DB}.Release|Any CPU.Build.0 = Release|Any CPU
		{BC233CDB-B5D0-4D8A-9BD5-DB7BA89F62B6}.Debug|Any CPU.ActiveCfg = Debug|Any CPU
		{BC233CDB-B5D0-4D8A-9BD5-DB7BA89F62B6}.Debug|Any CPU.Build.0 = Debug|Any CPU
		{BC233CDB-B5D0-4D8A-9BD5-DB7BA89F62B6}.Release|Any CPU.ActiveCfg = Release|Any CPU
		{BC233CDB-B5D0-4D8A-9BD5-DB7BA89F62B6}.Release|Any CPU.Build.0 = Release|Any CPU
		{29805B52-8912-416D-B5AB-851C36A99EDE}.Debug|Any CPU.ActiveCfg = Debug|Any CPU
		{29805B52-8912-416D-B5AB-851C36A99EDE}.Debug|Any CPU.Build.0 = Debug|Any CPU
		{29805B52-8912-416D-B5AB-851C36A99EDE}.Release|Any CPU.ActiveCfg = Release|Any CPU
		{29805B52-8912-416D-B5AB-851C36A99EDE}.Release|Any CPU.Build.0 = Release|Any CPU
	EndGlobalSection
	GlobalSection(SolutionProperties) = preSolution
		HideSolutionNode = FALSE
	EndGlobalSection
	GlobalSection(ExtensibilityGlobals) = postSolution
		SolutionGuid = {4669BA78-AA0C-486D-B79A-70A63FA763B9}
	EndGlobalSection
EndGlobal
