
Microsoft Visual Studio Solution File, Format Version 12.00
# Visual Studio Version 16
VisualStudioVersion = 16.0.31205.134
MinimumVisualStudioVersion = 10.0.40219.1
Project("{FAE04EC0-301F-11D3-BF4B-00C04F79EFBC}") = "BleConsoleDemo", "BleConsoleDemo\BleConsoleDemo.csproj", "{3F942AD8-34EB-4421-A71D-C59ECCA1DF08}"
EndProject
Project("{2150E333-8FDC-42A3-9474-1A3956D46DE8}") = "ExternalLibs", "ExternalLibs", "{514DC1DC-6E28-4900-9B14-E63F653F0FA4}"
	ProjectSection(SolutionItems) = preProject
		ExternalLibs\System.Runtime.WindowsRuntime.dll = ExternalLibs\System.Runtime.WindowsRuntime.dll
		ExternalLibs\Windows.winmd = ExternalLibs\Windows.winmd
	EndProjectSection
EndProject
Global
	GlobalSection(SolutionConfigurationPlatforms) = preSolution
		Debug|Any CPU = Debug|Any CPU
		Release|Any CPU = Release|Any CPU
	EndGlobalSection
	GlobalSection(ProjectConfigurationPlatforms) = postSolution
		{3F942AD8-34EB-4421-A71D-C59ECCA1DF08}.Debug|Any CPU.ActiveCfg = Debug|Any CPU
		{3F942AD8-34EB-4421-A71D-C59ECCA1DF08}.Debug|Any CPU.Build.0 = Debug|Any CPU
		{3F942AD8-34EB-4421-A71D-C59ECCA1DF08}.Release|Any CPU.ActiveCfg = Release|Any CPU
		{3F942AD8-34EB-4421-A71D-C59ECCA1DF08}.Release|Any CPU.Build.0 = Release|Any CPU
	EndGlobalSection
	GlobalSection(SolutionProperties) = preSolution
		HideSolutionNode = FALSE
	EndGlobalSection
	GlobalSection(ExtensibilityGlobals) = postSolution
		SolutionGuid = {402B6523-685B-4773-A160-27F46A5E6DF7}
	EndGlobalSection
EndGlobal
